
Microsoft Visual Studio Solution File, Format Version 12.00
# Visual Studio Version 16
VisualStudioVersion = 16.0.31515.178
MinimumVisualStudioVersion = 10.0.40219.1
Project("{FAE04EC0-301F-11D3-BF4B-00C04F79EFBC}") = "SchoolManagementSystem", "SchoolManagementSystem\SchoolManagementSystem.csproj", "{3217AB28-C6CD-4EBD-961F-83BEC8BB0680}"
EndProject
Global
	GlobalSection(SolutionConfigurationPlatforms) = preSolution
		Debug|Any CPU = Debug|Any CPU
		Release|Any CPU = Release|Any CPU
	EndGlobalSection
	GlobalSection(ProjectConfigurationPlatforms) = postSolution
		{3217AB28-C6CD-4EBD-961F-83BEC8BB0680}.Debug|Any CPU.ActiveCfg = Debug|Any CPU
		{3217AB28-C6CD-4EBD-961F-83BEC8BB0680}.Debug|Any CPU.Build.0 = Debug|Any CPU
		{3217AB28-C6CD-4EBD-961F-83BEC8BB0680}.Release|Any CPU.ActiveCfg = Release|Any CPU
		{3217AB28-C6CD-4EBD-961F-83BEC8BB0680}.Release|Any CPU.Build.0 = Release|Any CPU
	EndGlobalSection
	GlobalSection(SolutionProperties) = preSolution
		HideSolutionNode = FALSE
	EndGlobalSection
	GlobalSection(ExtensibilityGlobals) = postSolution
		SolutionGuid = {DBB38611-4DA6-4630-9E3A-A121A007F658}
	EndGlobalSection
EndGlobal
